
Microsoft Visual Studio Solution File, Format Version 12.00
# Visual Studio Version 17
VisualStudioVersion = 17.7.34031.279
MinimumVisualStudioVersion = 10.0.40219.1
Project("{FAE04EC0-301F-11D3-BF4B-00C04F79EFBC}") = "DemoChess", "DemoChess\DemoChess.csproj", "{90513C9D-C0AD-455E-BAEE-87FD758F7F9F}"
EndProject
Project("{FAE04EC0-301F-11D3-BF4B-00C04F79EFBC}") = "ChessMaster.ChessLibrary", "ChessMaster.ChessLibrary\ChessMaster.ChessLibrary.csproj", "{2C7F50B1-F2D6-4C12-812B-31C36E6EB8FD}"
EndProject
Project("{FAE04EC0-301F-11D3-BF4B-00C04F79EFBC}") = "ChessMaster.Tests", "ChessMaster.Tests\ChessMaster.Tests.csproj", "{06863613-089F-4B4F-97E7-C6C2A959ABED}"
EndProject
Project("{FAE04EC0-301F-11D3-BF4B-00C04F79EFBC}") = "ChessMaster.Domain", "ChessMaster.Domain\ChessMaster.Domain.csproj", "{775D3BAA-49F8-4FE0-A665-C20C8086F0A5}"
EndProject
Project("{FAE04EC0-301F-11D3-BF4B-00C04F79EFBC}") = "ChessMaster.Application", "ChessMaster.Application\ChessMaster.Application.csproj", "{99A9CE83-FDDD-49E5-BDC4-50620C20C990}"
EndProject
Project("{FAE04EC0-301F-11D3-BF4B-00C04F79EFBC}") = "ChessMaster.Infrastructure", "ChessMaster.Infrastructure\ChessMaster.Infrastructure.csproj", "{8E335773-F99C-4B53-BF2D-827738195EBE}"
EndProject
Project("{FAE04EC0-301F-11D3-BF4B-00C04F79EFBC}") = "ChessMaster.WebAPI", "ChessMaster.WebAPI\ChessMaster.WebAPI.csproj", "{8097A933-5949-4CAE-A09F-7E76A9160EAE}"
EndProject
Project("{FAE04EC0-301F-11D3-BF4B-00C04F79EFBC}") = "ChessMaster.Contracts", "ChessMaster.Contracts\ChessMaster.Contracts.csproj", "{E27F2EF2-E4D2-4DB5-8325-44A1D7845C7E}"
EndProject
Project("{FAE04EC0-301F-11D3-BF4B-00C04F79EFBC}") = "ChessMaster.Application.DI", "ChessMaster.Application.DI\ChessMaster.Application.DI.csproj", "{03929A04-E40E-453E-9951-48549867C651}"
EndProject
Project("{2150E333-8FDC-42A3-9474-1A3956D46DE8}") = "Infrastructure", "Infrastructure", "{82A84159-6A17-43E5-9960-971680C09B55}"
EndProject
Project("{2150E333-8FDC-42A3-9474-1A3956D46DE8}") = "Core", "Core", "{E589191B-B428-460F-B60E-C21B4C8D3704}"
EndProject
Project("{2150E333-8FDC-42A3-9474-1A3956D46DE8}") = "Application", "Application", "{A0167AB0-8FF3-447E-AC33-80A0F380270D}"
EndProject
Project("{2150E333-8FDC-42A3-9474-1A3956D46DE8}") = "Tests", "Tests", "{8CECD5EC-948D-4BEA-A444-E0F42F809509}"
EndProject
Global
	GlobalSection(SolutionConfigurationPlatforms) = preSolution
		Debug|Any CPU = Debug|Any CPU
		Release|Any CPU = Release|Any CPU
	EndGlobalSection
	GlobalSection(ProjectConfigurationPlatforms) = postSolution
		{90513C9D-C0AD-455E-BAEE-87FD758F7F9F}.Debug|Any CPU.ActiveCfg = Debug|Any CPU
		{90513C9D-C0AD-455E-BAEE-87FD758F7F9F}.Debug|Any CPU.Build.0 = Debug|Any CPU
		{90513C9D-C0AD-455E-BAEE-87FD758F7F9F}.Release|Any CPU.ActiveCfg = Release|Any CPU
		{90513C9D-C0AD-455E-BAEE-87FD758F7F9F}.Release|Any CPU.Build.0 = Release|Any CPU
		{2C7F50B1-F2D6-4C12-812B-31C36E6EB8FD}.Debug|Any CPU.ActiveCfg = Debug|Any CPU
		{2C7F50B1-F2D6-4C12-812B-31C36E6EB8FD}.Debug|Any CPU.Build.0 = Debug|Any CPU
		{2C7F50B1-F2D6-4C12-812B-31C36E6EB8FD}.Release|Any CPU.ActiveCfg = Release|Any CPU
		{2C7F50B1-F2D6-4C12-812B-31C36E6EB8FD}.Release|Any CPU.Build.0 = Release|Any CPU
		{06863613-089F-4B4F-97E7-C6C2A959ABED}.Debug|Any CPU.ActiveCfg = Debug|Any CPU
		{06863613-089F-4B4F-97E7-C6C2A959ABED}.Debug|Any CPU.Build.0 = Debug|Any CPU
		{06863613-089F-4B4F-97E7-C6C2A959ABED}.Release|Any CPU.ActiveCfg = Release|Any CPU
		{06863613-089F-4B4F-97E7-C6C2A959ABED}.Release|Any CPU.Build.0 = Release|Any CPU
		{775D3BAA-49F8-4FE0-A665-C20C8086F0A5}.Debug|Any CPU.ActiveCfg = Debug|Any CPU
		{775D3BAA-49F8-4FE0-A665-C20C8086F0A5}.Debug|Any CPU.Build.0 = Debug|Any CPU
		{775D3BAA-49F8-4FE0-A665-C20C8086F0A5}.Release|Any CPU.ActiveCfg = Release|Any CPU
		{775D3BAA-49F8-4FE0-A665-C20C8086F0A5}.Release|Any CPU.Build.0 = Release|Any CPU
		{99A9CE83-FDDD-49E5-BDC4-50620C20C990}.Debug|Any CPU.ActiveCfg = Debug|Any CPU
		{99A9CE83-FDDD-49E5-BDC4-50620C20C990}.Debug|Any CPU.Build.0 = Debug|Any CPU
		{99A9CE83-FDDD-49E5-BDC4-50620C20C990}.Release|Any CPU.ActiveCfg = Release|Any CPU
		{99A9CE83-FDDD-49E5-BDC4-50620C20C990}.Release|Any CPU.Build.0 = Release|Any CPU
		{8E335773-F99C-4B53-BF2D-827738195EBE}.Debug|Any CPU.ActiveCfg = Debug|Any CPU
		{8E335773-F99C-4B53-BF2D-827738195EBE}.Debug|Any CPU.Build.0 = Debug|Any CPU
		{8E335773-F99C-4B53-BF2D-827738195EBE}.Release|Any CPU.ActiveCfg = Release|Any CPU
		{8E335773-F99C-4B53-BF2D-827738195EBE}.Release|Any CPU.Build.0 = Release|Any CPU
		{8097A933-5949-4CAE-A09F-7E76A9160EAE}.Debug|Any CPU.ActiveCfg = Debug|Any CPU
		{8097A933-5949-4CAE-A09F-7E76A9160EAE}.Debug|Any CPU.Build.0 = Debug|Any CPU
		{8097A933-5949-4CAE-A09F-7E76A9160EAE}.Release|Any CPU.ActiveCfg = Release|Any CPU
		{8097A933-5949-4CAE-A09F-7E76A9160EAE}.Release|Any CPU.Build.0 = Release|Any CPU
		{E27F2EF2-E4D2-4DB5-8325-44A1D7845C7E}.Debug|Any CPU.ActiveCfg = Debug|Any CPU
		{E27F2EF2-E4D2-4DB5-8325-44A1D7845C7E}.Debug|Any CPU.Build.0 = Debug|Any CPU
		{E27F2EF2-E4D2-4DB5-8325-44A1D7845C7E}.Release|Any CPU.ActiveCfg = Release|Any CPU
		{E27F2EF2-E4D2-4DB5-8325-44A1D7845C7E}.Release|Any CPU.Build.0 = Release|Any CPU
		{03929A04-E40E-453E-9951-48549867C651}.Debug|Any CPU.ActiveCfg = Debug|Any CPU
		{03929A04-E40E-453E-9951-48549867C651}.Debug|Any CPU.Build.0 = Debug|Any CPU
		{03929A04-E40E-453E-9951-48549867C651}.Release|Any CPU.ActiveCfg = Release|Any CPU
		{03929A04-E40E-453E-9951-48549867C651}.Release|Any CPU.Build.0 = Release|Any CPU
	EndGlobalSection
	GlobalSection(SolutionProperties) = preSolution
		HideSolutionNode = FALSE
	EndGlobalSection
	GlobalSection(ExtensibilityGlobals) = postSolution
		SolutionGuid = {0AC163A3-2C5C-49BF-AFE4-3093E03B21DC}
	EndGlobalSection
	GlobalSection(NestedProjects) = preSolution
		{99A9CE83-FDDD-49E5-BDC4-50620C20C990} = {A0167AB0-8FF3-447E-AC33-80A0F380270D}
		{03929A04-E40E-453E-9951-48549867C651} = {A0167AB0-8FF3-447E-AC33-80A0F380270D}
		{2C7F50B1-F2D6-4C12-812B-31C36E6EB8FD} = {E589191B-B428-460F-B60E-C21B4C8D3704}
		{06863613-089F-4B4F-97E7-C6C2A959ABED} = {8CECD5EC-948D-4BEA-A444-E0F42F809509}
		{E27F2EF2-E4D2-4DB5-8325-44A1D7845C7E} = {82A84159-6A17-43E5-9960-971680C09B55}
		{775D3BAA-49F8-4FE0-A665-C20C8086F0A5} = {E589191B-B428-460F-B60E-C21B4C8D3704}
		{8E335773-F99C-4B53-BF2D-827738195EBE} = {82A84159-6A17-43E5-9960-971680C09B55}
		{8097A933-5949-4CAE-A09F-7E76A9160EAE} = {82A84159-6A17-43E5-9960-971680C09B55}
		{90513C9D-C0AD-455E-BAEE-87FD758F7F9F} = {8CECD5EC-948D-4BEA-A444-E0F42F809509}
	EndGlobalSection
EndGlobal
